
Microsoft Visual Studio Solution File, Format Version 12.00
# Visual Studio Version 16
VisualStudioVersion = 16.0.29728.190
MinimumVisualStudioVersion = 10.0.40219.1
Project("{FAE04EC0-301F-11D3-BF4B-00C04F79EFBC}") = "WebApplication1", "WebApplication1\WebApplication1.csproj", "{315C4FA7-B4A8-4A66-9356-7E6BF7B5D663}"
EndProject
Global
	GlobalSection(SolutionConfigurationPlatforms) = preSolution
		Debug|Any CPU = Debug|Any CPU
		Release|Any CPU = Release|Any CPU
	EndGlobalSection
	GlobalSection(ProjectConfigurationPlatforms) = postSolution
		{315C4FA7-B4A8-4A66-9356-7E6BF7B5D663}.Debug|Any CPU.ActiveCfg = Debug|Any CPU
		{315C4FA7-B4A8-4A66-9356-7E6BF7B5D663}.Debug|Any CPU.Build.0 = Debug|Any CPU
		{315C4FA7-B4A8-4A66-9356-7E6BF7B5D663}.Release|Any CPU.ActiveCfg = Release|Any CPU
		{315C4FA7-B4A8-4A66-9356-7E6BF7B5D663}.Release|Any CPU.Build.0 = Release|Any CPU
	EndGlobalSection
	GlobalSection(SolutionProperties) = preSolution
		HideSolutionNode = FALSE
	EndGlobalSection
	GlobalSection(ExtensibilityGlobals) = postSolution
		SolutionGuid = {80182541-DBDD-4C8E-85F3-44DEBD21897B}
	EndGlobalSection
EndGlobal
